[[package]]
name = "bitflags"
version = "0.7.0"
source = "registry+https://github.com/rust-lang/crates.io-index"

[[package]]
name = "compiler_builtins"
version = "0.1.0"
source = "git+https://github.com/rust-lang-nursery/compiler-builtins#2d414afec5e9bd41cc3a507b745ab6925cd29413"

[[package]]
name = "helper"
version = "0.0.1"
dependencies = [
 "compiler_builtins 0.1.0 (git+https://github.com/rust-lang-nursery/compiler-builtins)",
 "sel4-start 0.0.28",
 "sel4-sys 0.0.28 (registry+https://github.com/rust-lang/crates.io-index)",
]

[[package]]
name = "maplit"
version = "0.1.6"
source = "registry+https://github.com/rust-lang/crates.io-index"

[[package]]
name = "rlibc"
version = "1.0.0"
source = "registry+https://github.com/rust-lang/crates.io-index"

[[package]]
name = "sel4"
version = "0.0.12"
dependencies = [
 "sel4-sys 0.0.28",
]

[[package]]
name = "sel4-start"
version = "0.0.28"
dependencies = [
 "maplit 0.1.6 (registry+https://github.com/rust-lang/crates.io-index)",
 "sel4 0.0.12",
 "sel4-sys 0.0.28",
]

[[package]]
name = "sel4-sys"
version = "0.0.28"
dependencies = [
 "bitflags 0.7.0 (registry+https://github.com/rust-lang/crates.io-index)",
 "rlibc 1.0.0 (registry+https://github.com/rust-lang/crates.io-index)",
]

[[package]]
name = "sel4-sys"
version = "0.0.28"
source = "registry+https://github.com/rust-lang/crates.io-index"
dependencies = [
 "bitflags 0.7.0 (registry+https://github.com/rust-lang/crates.io-index)",
 "rlibc 1.0.0 (registry+https://github.com/rust-lang/crates.io-index)",
]

[metadata]
"checksum bitflags 0.7.0 (registry+https://github.com/rust-lang/crates.io-index)" = "aad18937a628ec6abcd26d1489012cc0e18c21798210f491af69ded9b881106d"
"checksum compiler_builtins 0.1.0 (git+https://github.com/rust-lang-nursery/compiler-builtins)" = "<none>"
"checksum maplit 0.1.6 (registry+https://github.com/rust-lang/crates.io-index)" = "22593015b8df7747861c69c28acd32589fb96c1686369f3b661d12e409d4cf65"
"checksum rlibc 1.0.0 (registry+https://github.com/rust-lang/crates.io-index)" = "fc874b127765f014d792f16763a81245ab80500e2ad921ed4ee9e82481ee08fe"
"checksum sel4-sys 0.0.28 (registry+https://github.com/rust-lang/crates.io-index)" = "b42578af4c4eb8468e57beaabecc86541ac3a94eca1e92a611457b71f6034822"
